// !$*UTF8*$!
{
	archiveVersion = 1;
	classes = {
	};
	objectVersion = 77;
	objects = {

/* Begin PBXBuildFile section */
		09875A098EDEB22EF0CA0C75 /* GRDB in Frameworks */ = {isa = PBXBuildFile; productRef = B606E428056D52CD2E19AB8C /* GRDB */; };
		1E9EA939B1F308684A360B34 /* GRDB in Frameworks */ = {isa = PBXBuildFile; productRef = D5BF188B53B7AF195DF43B70 /* GRDB */; };
		47B1E1AD852B8843D3F9A66C /* GRDB in Frameworks */ = {isa = PBXBuildFile; productRef = 7F0A438E8D7EB47F931D47FD /* GRDB */; };
		E97C17652F65404800CC7490 /* HighlightSwift in Frameworks */ = {isa = PBXBuildFile; productRef = E9F1A0022F04000200000002 /* HighlightSwift */; };
		E9E8D21E2EFCD0C200AAD867 /* ShareExtension.appex in Embed Foundation Extensions */ = {isa = PBXBuildFile; fileRef = E9E8D2142EFCD0C200AAD867 /* ShareExtension.appex */; settings = {ATTRIBUTES = (RemoveHeadersOnCopy, ); }; };
/* End PBXBuildFile section */

/* Begin PBXContainerItemProxy section */
		E9E8D21C2EFCD0C200AAD867 /* PBXContainerItemProxy */ = {
			isa = PBXContainerItemProxy;
			containerPortal = E9E8D1F82EFCD06300AAD867 /* Project object */;
			proxyType = 1;
			remoteGlobalIDString = E9E8D2132EFCD0C200AAD867;
			remoteInfo = ShareExtension;
		};
		FEFB8DB2F9FF05744C24A376 /* PBXContainerItemProxy */ = {
			isa = PBXContainerItemProxy;
			containerPortal = E9E8D1F82EFCD06300AAD867 /* Project object */;
			proxyType = 1;
			remoteGlobalIDString = E9E8D1FF2EFCD06300AAD867;
			remoteInfo = MemeGTD;
		};
/* End PBXContainerItemProxy section */

/* Begin PBXCopyFilesBuildPhase section */
		E9E8D2232EFCD0C200AAD867 /* Embed Foundation Extensions */ = {
			isa = PBXCopyFilesBuildPhase;
			buildActionMask = 2147483647;
			dstPath = "";
			dstSubfolderSpec = 13;
			files = (
				E9E8D21E2EFCD0C200AAD867 /* ShareExtension.appex in Embed Foundation Extensions */,
			);
			name = "Embed Foundation Extensions";
			runOnlyForDeploymentPostprocessing = 0;
		};
/* End PBXCopyFilesBuildPhase section */

/* Begin PBXFileReference section */
		8D7DEF14D72B5A74DC1743DD /* MemeGTDTests.xctest */ = {isa = PBXFileReference; explicitFileType = wrapper.cfbundle; includeInIndex = 0; path = MemeGTDTests.xctest; sourceTree = BUILT_PRODUCTS_DIR; };
		E9E8D2002EFCD06300AAD867 /* MemeGTD.app */ = {isa = PBXFileReference; explicitFileType = wrapper.application; includeInIndex = 0; path = MemeGTD.app; sourceTree = BUILT_PRODUCTS_DIR; };
		E9E8D2142EFCD0C200AAD867 /* ShareExtension.appex */ = {isa = PBXFileReference; explicitFileType = "wrapper.app-extension"; includeInIndex = 0; path = ShareExtension.appex; sourceTree = BUILT_PRODUCTS_DIR; };
/* End PBXFileReference section */

/* Begin PBXFileSystemSynchronizedBuildFileExceptionSet section */
		E9E8D21F2EFCD0C200AAD867 /* Exceptions for "ShareExtension" folder in "ShareExtension" target */ = {
			isa = PBXFileSystemSynchronizedBuildFileExceptionSet;
			membershipExceptions = (
				Info.plist,
			);
			target = E9E8D2132EFCD0C200AAD867 /* ShareExtension */;
		};
/* End PBXFileSystemSynchronizedBuildFileExceptionSet section */

/* Begin PBXFileSystemSynchronizedRootGroup section */
		B7C812710D6F68A6D2D2D3DC /* MemeGTDTests */ = {
			isa = PBXFileSystemSynchronizedRootGroup;
			exceptions = (
			);
			path = MemeGTDTests;
			sourceTree = "<group>";
		};
		E9E8D2022EFCD06300AAD867 /* MemeGTD */ = {
			isa = PBXFileSystemSynchronizedRootGroup;
			exceptions = (
			);
			path = MemeGTD;
			sourceTree = "<group>";
		};
		E9E8D2152EFCD0C200AAD867 /* ShareExtension */ = {
			isa = PBXFileSystemSynchronizedRootGroup;
			exceptions = (
				E9E8D21F2EFCD0C200AAD867 /* Exceptions for "ShareExtension" folder in "ShareExtension" target */,
			);
			path = ShareExtension;
			sourceTree = "<group>";
		};
		E9E8D2302EFCD10000AAD867 /* Shared */ = {
			isa = PBXFileSystemSynchronizedRootGroup;
			exceptions = (
			);
			path = Shared;
			sourceTree = "<group>";
		};
/* End PBXFileSystemSynchronizedRootGroup section */

/* Begin PBXFrameworksBuildPhase section */
		6A003173DAAE22163C00DFAF /* Frameworks */ = {
			isa = PBXFrameworksBuildPhase;
			buildActionMask = 2147483647;
			files = (
				1E9EA939B1F308684A360B34 /* GRDB in Frameworks */,
			);
			runOnlyForDeploymentPostprocessing = 0;
		};
		E9E8D1FD2EFCD06300AAD867 /* Frameworks */ = {
			isa = PBXFrameworksBuildPhase;
			buildActionMask = 2147483647;
			files = (
				E97C17652F65404800CC7490 /* HighlightSwift in Frameworks */,
				47B1E1AD852B8843D3F9A66C /* GRDB in Frameworks */,
			);
			runOnlyForDeploymentPostprocessing = 0;
		};
		E9E8D2112EFCD0C200AAD867 /* Frameworks */ = {
			isa = PBXFrameworksBuildPhase;
			buildActionMask = 2147483647;
			files = (
				09875A098EDEB22EF0CA0C75 /* GRDB in Frameworks */,
			);
			runOnlyForDeploymentPostprocessing = 0;
		};
/* End PBXFrameworksBuildPhase section */

/* Begin PBXGroup section */
		E9E8D1F72EFCD06300AAD867 = {
			isa = PBXGroup;
			children = (
				E9E8D2022EFCD06300AAD867 /* MemeGTD */,
				E9E8D2302EFCD10000AAD867 /* Shared */,
				E9E8D2152EFCD0C200AAD867 /* ShareExtension */,
				B7C812710D6F68A6D2D2D3DC /* MemeGTDTests */,
				E9E8D2012EFCD06300AAD867 /* Products */,
			);
			sourceTree = "<group>";
		};
		E9E8D2012EFCD06300AAD867 /* Products */ = {
			isa = PBXGroup;
			children = (
				E9E8D2002EFCD06300AAD867 /* MemeGTD.app */,
				E9E8D2142EFCD0C200AAD867 /* ShareExtension.appex */,
				8D7DEF14D72B5A74DC1743DD /* MemeGTDTests.xctest */,
			);
			name = Products;
			sourceTree = "<group>";
		};
/* End PBXGroup section */

/* Begin PBXNativeTarget section */
		E9E8D1FF2EFCD06300AAD867 /* MemeGTD */ = {
			isa = PBXNativeTarget;
			buildConfigurationList = E9E8D20B2EFCD06300AAD867 /* Build configuration list for PBXNativeTarget "MemeGTD" */;
			buildPhases = (
				E9E8D1FC2EFCD06300AAD867 /* Sources */,
				E9E8D1FD2EFCD06300AAD867 /* Frameworks */,
				E9E8D1FE2EFCD06300AAD867 /* Resources */,
				E9E8D2232EFCD0C200AAD867 /* Embed Foundation Extensions */,
			);
			buildRules = (
			);
			dependencies = (
				E9E8D21D2EFCD0C200AAD867 /* PBXTargetDependency */,
			);
			fileSystemSynchronizedGroups = (
				E9E8D2022EFCD06300AAD867 /* MemeGTD */,
				E9E8D2302EFCD10000AAD867 /* Shared */,
			);
			name = MemeGTD;
			packageProductDependencies = (
				E9F1A0022F04000200000002 /* HighlightSwift */,
				7F0A438E8D7EB47F931D47FD /* GRDB */,
			);
			productName = MemeGTD;
			productReference = E9E8D2002EFCD06300AAD867 /* MemeGTD.app */;
			productType = "com.apple.product-type.application";
		};
		E9E8D2132EFCD0C200AAD867 /* ShareExtension */ = {
			isa = PBXNativeTarget;
			buildConfigurationList = E9E8D2202EFCD0C200AAD867 /* Build configuration list for PBXNativeTarget "ShareExtension" */;
			buildPhases = (
				E9E8D2102EFCD0C200AAD867 /* Sources */,
				E9E8D2112EFCD0C200AAD867 /* Frameworks */,
				E9E8D2122EFCD0C200AAD867 /* Resources */,
			);
			buildRules = (
			);
			dependencies = (
			);
			fileSystemSynchronizedGroups = (
				E9E8D2152EFCD0C200AAD867 /* ShareExtension */,
				E9E8D2302EFCD10000AAD867 /* Shared */,
			);
			name = ShareExtension;
			packageProductDependencies = (
				B606E428056D52CD2E19AB8C /* GRDB */,
			);
			productName = ShareExtension;
			productReference = E9E8D2142EFCD0C200AAD867 /* ShareExtension.appex */;
			productType = "com.apple.product-type.app-extension";
		};
		F27245B4FBA8C6EB9450B60D /* MemeGTDTests */ = {
			isa = PBXNativeTarget;
			buildConfigurationList = 0ECB38698CE09002287DEE22 /* Build configuration list for PBXNativeTarget "MemeGTDTests" */;
			buildPhases = (
				6427C0C7F04F372CE8A60F36 /* Sources */,
				6A003173DAAE22163C00DFAF /* Frameworks */,
				08E769A86ED9FCAFEFB6D25B /* Resources */,
			);
			buildRules = (
			);
			dependencies = (
				2B143679460B1C956A6FEB21 /* PBXTargetDependency */,
			);
			fileSystemSynchronizedGroups = (
				B7C812710D6F68A6D2D2D3DC /* MemeGTDTests */,
			);
			name = MemeGTDTests;
			packageProductDependencies = (
				D5BF188B53B7AF195DF43B70 /* GRDB */,
			);
			productName = MemeGTDTests;
			productReference = 8D7DEF14D72B5A74DC1743DD /* MemeGTDTests.xctest */;
			productType = "com.apple.product-type.bundle.unit-test";
		};
/* End PBXNativeTarget section */

/* Begin PBXProject section */
		E9E8D1F82EFCD06300AAD867 /* Project object */ = {
			isa = PBXProject;
			attributes = {
				BuildIndependentTargetsInParallel = 1;
				LastSwiftUpdateCheck = 2620;
				LastUpgradeCheck = 2620;
				TargetAttributes = {
					E9E8D1FF2EFCD06300AAD867 = {
						CreatedOnToolsVersion = 26.2;
					};
					E9E8D2132EFCD0C200AAD867 = {
						CreatedOnToolsVersion = 26.2;
					};
				};
			};
			buildConfigurationList = E9E8D1FB2EFCD06300AAD867 /* Build configuration list for PBXProject "MemeGTD" */;
			developmentRegion = en;
			hasScannedForEncodings = 0;
			knownRegions = (
				en,
				Base,
			);
			mainGroup = E9E8D1F72EFCD06300AAD867;
			minimizedProjectReferenceProxies = 1;
			packageReferences = (
				E9F1A0012F04000100000001 /* XCRemoteSwiftPackageReference "HighlightSwift" */,
				29E40CE468B51001462800FA /* XCRemoteSwiftPackageReference "GRDB.swift" */,
			);
			preferredProjectObjectVersion = 77;
			productRefGroup = E9E8D2012EFCD06300AAD867 /* Products */;
			projectDirPath = "";
			projectRoot = "";
			targets = (
				E9E8D1FF2EFCD06300AAD867 /* MemeGTD */,
				E9E8D2132EFCD0C200AAD867 /* ShareExtension */,
				F27245B4FBA8C6EB9450B60D /* MemeGTDTests */,
			);
		};
/* End PBXProject section */

/* Begin PBXResourcesBuildPhase section */
		08E769A86ED9FCAFEFB6D25B /* Resources */ = {
			isa = PBXResourcesBuildPhase;
			buildActionMask = 2147483647;
			files = (
			);
			runOnlyForDeploymentPostprocessing = 0;
		};
		E9E8D1FE2EFCD06300AAD867 /* Resources */ = {
			isa = PBXResourcesBuildPhase;
			buildActionMask = 2147483647;
			files = (
			);
			runOnlyForDeploymentPostprocessing = 0;
		};
		E9E8D2122EFCD0C200AAD867 /* Resources */ = {
			isa = PBXResourcesBuildPhase;
			buildActionMask = 2147483647;
			files = (
			);
			runOnlyForDeploymentPostprocessing = 0;
		};
/* End PBXResourcesBuildPhase section */

/* Begin PBXSourcesBuildPhase section */
		6427C0C7F04F372CE8A60F36 /* Sources */ = {
			isa = PBXSourcesBuildPhase;
			buildActionMask = 2147483647;
			files = (
			);
			runOnlyForDeploymentPostprocessing = 0;
		};
		E9E8D1FC2EFCD06300AAD867 /* Sources */ = {
			isa = PBXSourcesBuildPhase;
			buildActionMask = 2147483647;
			files = (
			);
			runOnlyForDeploymentPostprocessing = 0;
		};
		E9E8D2102EFCD0C200AAD867 /* Sources */ = {
			isa = PBXSourcesBuildPhase;
			buildActionMask = 2147483647;
			files = (
			);
			runOnlyForDeploymentPostprocessing = 0;
		};
/* End PBXSourcesBuildPhase section */

/* Begin PBXTargetDependency section */
		2B143679460B1C956A6FEB21 /* PBXTargetDependency */ = {
			isa = PBXTargetDependency;
			name = MemeGTD;
			target = E9E8D1FF2EFCD06300AAD867 /* MemeGTD */;
			targetProxy = FEFB8DB2F9FF05744C24A376 /* PBXContainerItemProxy */;
		};
		E9E8D21D2EFCD0C200AAD867 /* PBXTargetDependency */ = {
			isa = PBXTargetDependency;
			target = E9E8D2132EFCD0C200AAD867 /* ShareExtension */;
			targetProxy = E9E8D21C2EFCD0C200AAD867 /* PBXContainerItemProxy */;
		};
/* End PBXTargetDependency section */

/* Begin XCBuildConfiguration section */
		382F7DBADEB4B7C6AD5C0006 /* Debug */ = {
			isa = XCBuildConfiguration;
			buildSettings = {
				BUNDLE_LOADER = "$(TEST_HOST)";
				CODE_SIGN_STYLE = Automatic;
				CURRENT_PROJECT_VERSION = 1;
				DEVELOPMENT_TEAM = 2MR3NYTD64;
				GENERATE_INFOPLIST_FILE = YES;
				IPHONEOS_DEPLOYMENT_TARGET = 26.2;
				MARKETING_VERSION = 0.50.9;
				PRODUCT_BUNDLE_IDENTIFIER = name.kumac.MemeGTDTests;
				PRODUCT_NAME = "$(TARGET_NAME)";
				SDKROOT = iphoneos;
				SWIFT_APPROACHABLE_CONCURRENCY = YES;
				SWIFT_EMIT_LOC_STRINGS = NO;
				SWIFT_VERSION = 5.0;
				TARGETED_DEVICE_FAMILY = "1,2";
				TEST_HOST = "$(BUILT_PRODUCTS_DIR)/MemeGTD.app/$(BUNDLE_EXECUTABLE_FOLDER_PATH)/MemeGTD";
			};
			name = Debug;
		};
		E9E8D2092EFCD06300AAD867 /* Debug */ = {
			isa = XCBuildConfiguration;
			buildSettings = {
				ALWAYS_SEARCH_USER_PATHS = NO;
				ASSETCATALOG_COMPILER_GENERATE_SWIFT_ASSET_SYMBOL_EXTENSIONS = YES;
				CLANG_ANALYZER_NONNULL = YES;
				CLANG_ANALYZER_NUMBER_OBJECT_CONVERSION = YES_AGGRESSIVE;
				CLANG_CXX_LANGUAGE_STANDARD = "gnu++20";
				CLANG_ENABLE_MODULES = YES;
				CLANG_ENABLE_OBJC_ARC = YES;
				CLANG_ENABLE_OBJC_WEAK = YES;
				CLANG_WARN_BLOCK_CAPTURE_AUTORELEASING = YES;
				CLANG_WARN_BOOL_CONVERSION = YES;
				CLANG_WARN_COMMA = YES;
				CLANG_WARN_CONSTANT_CONVERSION = YES;
				CLANG_WARN_DEPRECATED_OBJC_IMPLEMENTATIONS = YES;
				CLANG_WARN_DIRECT_OBJC_ISA_USAGE = YES_ERROR;
				CLANG_WARN_DOCUMENTATION_COMMENTS = YES;
				CLANG_WARN_EMPTY_BODY = YES;
				CLANG_WARN_ENUM_CONVERSION = YES;
				CLANG_WARN_INFINITE_RECURSION = YES;
				CLANG_WARN_INT_CONVERSION = YES;
				CLANG_WARN_NON_LITERAL_NULL_CONVERSION = YES;
				CLANG_WARN_OBJC_IMPLICIT_RETAIN_SELF = YES;
				CLANG_WARN_OBJC_LITERAL_CONVERSION = YES;
				CLANG_WARN_OBJC_ROOT_CLASS = YES_ERROR;
				CLANG_WARN_QUOTED_INCLUDE_IN_FRAMEWORK_HEADER = YES;
				CLANG_WARN_RANGE_LOOP_ANALYSIS = YES;
				CLANG_WARN_STRICT_PROTOTYPES = YES;
				CLANG_WARN_SUSPICIOUS_MOVE = YES;
				CLANG_WARN_UNGUARDED_AVAILABILITY = YES_AGGRESSIVE;
				CLANG_WARN_UNREACHABLE_CODE = YES;
				CLANG_WARN__DUPLICATE_METHOD_MATCH = YES;
				COPY_PHASE_STRIP = NO;
				DEBUG_INFORMATION_FORMAT = dwarf;
				DEVELOPMENT_TEAM = 2MR3NYTD64;
				ENABLE_STRICT_OBJC_MSGSEND = YES;
				ENABLE_TESTABILITY = YES;
				ENABLE_USER_SCRIPT_SANDBOXING = YES;
				GCC_C_LANGUAGE_STANDARD = gnu17;
				GCC_DYNAMIC_NO_PIC = NO;
				GCC_NO_COMMON_BLOCKS = YES;
				GCC_OPTIMIZATION_LEVEL = 0;
				GCC_PREPROCESSOR_DEFINITIONS = (
					"DEBUG=1",
					"$(inherited)",
				);
				GCC_WARN_64_TO_32_BIT_CONVERSION = YES;
				GCC_WARN_ABOUT_RETURN_TYPE = YES_ERROR;
				GCC_WARN_UNDECLARED_SELECTOR = YES;
				GCC_WARN_UNINITIALIZED_AUTOS = YES_AGGRESSIVE;
				GCC_WARN_UNUSED_FUNCTION = YES;
				GCC_WARN_UNUSED_VARIABLE = YES;
				IPHONEOS_DEPLOYMENT_TARGET = 26.2;
				LOCALIZATION_PREFERS_STRING_CATALOGS = YES;
				MTL_ENABLE_DEBUG_INFO = INCLUDE_SOURCE;
				MTL_FAST_MATH = YES;
				ONLY_ACTIVE_ARCH = YES;
				SDKROOT = iphoneos;
				SWIFT_ACTIVE_COMPILATION_CONDITIONS = "DEBUG $(inherited)";
				SWIFT_OPTIMIZATION_LEVEL = "-Onone";
			};
			name = Debug;
		};
		E9E8D20A2EFCD06300AAD867 /* Release */ = {
			isa = XCBuildConfiguration;
			buildSettings = {
				ALWAYS_SEARCH_USER_PATHS = NO;
				ASSETCATALOG_COMPILER_GENERATE_SWIFT_ASSET_SYMBOL_EXTENSIONS = YES;
				CLANG_ANALYZER_NONNULL = YES;
				CLANG_ANALYZER_NUMBER_OBJECT_CONVERSION = YES_AGGRESSIVE;
				CLANG_CXX_LANGUAGE_STANDARD = "gnu++20";
				CLANG_ENABLE_MODULES = YES;
				CLANG_ENABLE_OBJC_ARC = YES;
				CLANG_ENABLE_OBJC_WEAK = YES;
				CLANG_WARN_BLOCK_CAPTURE_AUTORELEASING = YES;
				CLANG_WARN_BOOL_CONVERSION = YES;
				CLANG_WARN_COMMA = YES;
				CLANG_WARN_CONSTANT_CONVERSION = YES;
				CLANG_WARN_DEPRECATED_OBJC_IMPLEMENTATIONS = YES;
				CLANG_WARN_DIRECT_OBJC_ISA_USAGE = YES_ERROR;
				CLANG_WARN_DOCUMENTATION_COMMENTS = YES;
				CLANG_WARN_EMPTY_BODY = YES;
				CLANG_WARN_ENUM_CONVERSION = YES;
				CLANG_WARN_INFINITE_RECURSION = YES;
				CLANG_WARN_INT_CONVERSION = YES;
				CLANG_WARN_NON_LITERAL_NULL_CONVERSION = YES;
				CLANG_WARN_OBJC_IMPLICIT_RETAIN_SELF = YES;
				CLANG_WARN_OBJC_LITERAL_CONVERSION = YES;
				CLANG_WARN_OBJC_ROOT_CLASS = YES_ERROR;
				CLANG_WARN_QUOTED_INCLUDE_IN_FRAMEWORK_HEADER = YES;
				CLANG_WARN_RANGE_LOOP_ANALYSIS = YES;
				CLANG_WARN_STRICT_PROTOTYPES = YES;
				CLANG_WARN_SUSPICIOUS_MOVE = YES;
				CLANG_WARN_UNGUARDED_AVAILABILITY = YES_AGGRESSIVE;
				CLANG_WARN_UNREACHABLE_CODE = YES;
				CLANG_WARN__DUPLICATE_METHOD_MATCH = YES;
				COPY_PHASE_STRIP = NO;
				DEBUG_INFORMATION_FORMAT = "dwarf-with-dsym";
				DEVELOPMENT_TEAM = 2MR3NYTD64;
				ENABLE_NS_ASSERTIONS = NO;
				ENABLE_STRICT_OBJC_MSGSEND = YES;
				ENABLE_USER_SCRIPT_SANDBOXING = YES;
				GCC_C_LANGUAGE_STANDARD = gnu17;
				GCC_NO_COMMON_BLOCKS = YES;
				GCC_WARN_64_TO_32_BIT_CONVERSION = YES;
				GCC_WARN_ABOUT_RETURN_TYPE = YES_ERROR;
				GCC_WARN_UNDECLARED_SELECTOR = YES;
				GCC_WARN_UNINITIALIZED_AUTOS = YES_AGGRESSIVE;
				GCC_WARN_UNUSED_FUNCTION = YES;
				GCC_WARN_UNUSED_VARIABLE = YES;
				IPHONEOS_DEPLOYMENT_TARGET = 26.2;
				LOCALIZATION_PREFERS_STRING_CATALOGS = YES;
				MTL_ENABLE_DEBUG_INFO = NO;
				MTL_FAST_MATH = YES;
				SDKROOT = iphoneos;
				SWIFT_COMPILATION_MODE = wholemodule;
				VALIDATE_PRODUCT = YES;
			};
			name = Release;
		};
		E9E8D20C2EFCD06300AAD867 /* Debug */ = {
			isa = XCBuildConfiguration;
			buildSettings = {
				ASSETCATALOG_COMPILER_APPICON_NAME = AppIcon;
				ASSETCATALOG_COMPILER_GLOBAL_ACCENT_COLOR_NAME = AccentColor;
				CODE_SIGN_ENTITLEMENTS = MemeGTD/MemeGTD.entitlements;
				CODE_SIGN_STYLE = Automatic;
				CURRENT_PROJECT_VERSION = 1;
				DEVELOPMENT_TEAM = 2MR3NYTD64;
				ENABLE_PREVIEWS = YES;
				GENERATE_INFOPLIST_FILE = YES;
				INFOPLIST_KEY_CFBundleDisplayName = "Mëmo";
				INFOPLIST_KEY_UIApplicationSceneManifest_Generation = YES;
				INFOPLIST_KEY_UIApplicationSupportsIndirectInputEvents = YES;
				INFOPLIST_KEY_UILaunchScreen_Generation = YES;
				INFOPLIST_KEY_UISupportedInterfaceOrientations_iPad = "UIInterfaceOrientationPortrait UIInterfaceOrientationPortraitUpsideDown UIInterfaceOrientationLandscapeLeft UIInterfaceOrientationLandscapeRight";
				INFOPLIST_KEY_UISupportedInterfaceOrientations_iPhone = "UIInterfaceOrientationPortrait UIInterfaceOrientationLandscapeLeft UIInterfaceOrientationLandscapeRight";
				LD_RUNPATH_SEARCH_PATHS = (
					"$(inherited)",
					"@executable_path/Frameworks",
				);
				MARKETING_VERSION = 0.50.9;
				PRODUCT_BUNDLE_IDENTIFIER = name.kumac.MemeGTD;
				PRODUCT_NAME = "$(TARGET_NAME)";
				STRING_CATALOG_GENERATE_SYMBOLS = YES;
				SWIFT_APPROACHABLE_CONCURRENCY = YES;
				SWIFT_DEFAULT_ACTOR_ISOLATION = MainActor;
				SWIFT_EMIT_LOC_STRINGS = YES;
				SWIFT_UPCOMING_FEATURE_MEMBER_IMPORT_VISIBILITY = YES;
				SWIFT_VERSION = 5.0;
				TARGETED_DEVICE_FAMILY = "1,2";
			};
			name = Debug;
		};
		E9E8D20D2EFCD06300AAD867 /* Release */ = {
			isa = XCBuildConfiguration;
			buildSettings = {
				ASSETCATALOG_COMPILER_APPICON_NAME = AppIcon;
				ASSETCATALOG_COMPILER_GLOBAL_ACCENT_COLOR_NAME = AccentColor;
				CODE_SIGN_ENTITLEMENTS = MemeGTD/MemeGTD.entitlements;
				CODE_SIGN_STYLE = Automatic;
				CURRENT_PROJECT_VERSION = 1;
				DEVELOPMENT_TEAM = 2MR3NYTD64;
				ENABLE_PREVIEWS = YES;
				GENERATE_INFOPLIST_FILE = YES;
				INFOPLIST_KEY_CFBundleDisplayName = "Mëmo";
				INFOPLIST_KEY_UIApplicationSceneManifest_Generation = YES;
				INFOPLIST_KEY_UIApplicationSupportsIndirectInputEvents = YES;
				INFOPLIST_KEY_UILaunchScreen_Generation = YES;
				INFOPLIST_KEY_UISupportedInterfaceOrientations_iPad = "UIInterfaceOrientationPortrait UIInterfaceOrientationPortraitUpsideDown UIInterfaceOrientationLandscapeLeft UIInterfaceOrientationLandscapeRight";
				INFOPLIST_KEY_UISupportedInterfaceOrientations_iPhone = "UIInterfaceOrientationPortrait UIInterfaceOrientationLandscapeLeft UIInterfaceOrientationLandscapeRight";
				LD_RUNPATH_SEARCH_PATHS = (
					"$(inherited)",
					"@executable_path/Frameworks",
				);
				MARKETING_VERSION = 0.50.9;
				PRODUCT_BUNDLE_IDENTIFIER = name.kumac.MemeGTD;
				PRODUCT_NAME = "$(TARGET_NAME)";
				STRING_CATALOG_GENERATE_SYMBOLS = YES;
				SWIFT_APPROACHABLE_CONCURRENCY = YES;
				SWIFT_DEFAULT_ACTOR_ISOLATION = MainActor;
				SWIFT_EMIT_LOC_STRINGS = YES;
				SWIFT_UPCOMING_FEATURE_MEMBER_IMPORT_VISIBILITY = YES;
				SWIFT_VERSION = 5.0;
				TARGETED_DEVICE_FAMILY = "1,2";
			};
			name = Release;
		};
		E9E8D2212EFCD0C200AAD867 /* Debug */ = {
			isa = XCBuildConfiguration;
			buildSettings = {
				CODE_SIGN_ENTITLEMENTS = ShareExtension/ShareExtension.entitlements;
				CODE_SIGN_STYLE = Automatic;
				CURRENT_PROJECT_VERSION = 1;
				DEVELOPMENT_TEAM = 2MR3NYTD64;
				GENERATE_INFOPLIST_FILE = YES;
				INFOPLIST_FILE = ShareExtension/Info.plist;
				INFOPLIST_KEY_CFBundleDisplayName = ShareExtension;
				INFOPLIST_KEY_NSHumanReadableCopyright = "";
				LD_RUNPATH_SEARCH_PATHS = (
					"$(inherited)",
					"@executable_path/Frameworks",
					"@executable_path/../../Frameworks",
				);
				MARKETING_VERSION = 0.50.9;
				PRODUCT_BUNDLE_IDENTIFIER = name.kumac.MemeGTD.ShareExtension;
				PRODUCT_NAME = "$(TARGET_NAME)";
				SKIP_INSTALL = YES;
				STRING_CATALOG_GENERATE_SYMBOLS = YES;
				SWIFT_APPROACHABLE_CONCURRENCY = YES;
				SWIFT_EMIT_LOC_STRINGS = YES;
				SWIFT_UPCOMING_FEATURE_MEMBER_IMPORT_VISIBILITY = YES;
				SWIFT_VERSION = 5.0;
				TARGETED_DEVICE_FAMILY = "1,2";
			};
			name = Debug;
		};
		E9E8D2222EFCD0C200AAD867 /* Release */ = {
			isa = XCBuildConfiguration;
			buildSettings = {
				CODE_SIGN_ENTITLEMENTS = ShareExtension/ShareExtension.entitlements;
				CODE_SIGN_STYLE = Automatic;
				CURRENT_PROJECT_VERSION = 1;
				DEVELOPMENT_TEAM = 2MR3NYTD64;
				GENERATE_INFOPLIST_FILE = YES;
				INFOPLIST_FILE = ShareExtension/Info.plist;
				INFOPLIST_KEY_CFBundleDisplayName = ShareExtension;
				INFOPLIST_KEY_NSHumanReadableCopyright = "";
				LD_RUNPATH_SEARCH_PATHS = (
					"$(inherited)",
					"@executable_path/Frameworks",
					"@executable_path/../../Frameworks",
				);
				MARKETING_VERSION = 0.50.9;
				PRODUCT_BUNDLE_IDENTIFIER = name.kumac.MemeGTD.ShareExtension;
				PRODUCT_NAME = "$(TARGET_NAME)";
				SKIP_INSTALL = YES;
				STRING_CATALOG_GENERATE_SYMBOLS = YES;
				SWIFT_APPROACHABLE_CONCURRENCY = YES;
				SWIFT_EMIT_LOC_STRINGS = YES;
				SWIFT_UPCOMING_FEATURE_MEMBER_IMPORT_VISIBILITY = YES;
				SWIFT_VERSION = 5.0;
				TARGETED_DEVICE_FAMILY = "1,2";
			};
			name = Release;
		};
		EC63C29AA7FEB78D3609AAE3 /* Release */ = {
			isa = XCBuildConfiguration;
			buildSettings = {
				BUNDLE_LOADER = "$(TEST_HOST)";
				CODE_SIGN_STYLE = Automatic;
				CURRENT_PROJECT_VERSION = 1;
				DEVELOPMENT_TEAM = 2MR3NYTD64;
				GENERATE_INFOPLIST_FILE = YES;
				IPHONEOS_DEPLOYMENT_TARGET = 26.2;
				MARKETING_VERSION = 0.50.9;
				PRODUCT_BUNDLE_IDENTIFIER = name.kumac.MemeGTDTests;
				PRODUCT_NAME = "$(TARGET_NAME)";
				SDKROOT = iphoneos;
				SWIFT_APPROACHABLE_CONCURRENCY = YES;
				SWIFT_EMIT_LOC_STRINGS = NO;
				SWIFT_VERSION = 5.0;
				TARGETED_DEVICE_FAMILY = "1,2";
				TEST_HOST = "$(BUILT_PRODUCTS_DIR)/MemeGTD.app/$(BUNDLE_EXECUTABLE_FOLDER_PATH)/MemeGTD";
				VALIDATE_PRODUCT = YES;
			};
			name = Release;
		};
/* End XCBuildConfiguration section */

/* Begin XCConfigurationList section */
		0ECB38698CE09002287DEE22 /* Build configuration list for PBXNativeTarget "MemeGTDTests" */ = {
			isa = XCConfigurationList;
			buildConfigurations = (
				EC63C29AA7FEB78D3609AAE3 /* Release */,
				382F7DBADEB4B7C6AD5C0006 /* Debug */,
			);
			defaultConfigurationIsVisible = 0;
			defaultConfigurationName = Release;
		};
		E9E8D1FB2EFCD06300AAD867 /* Build configuration list for PBXProject "MemeGTD" */ = {
			isa = XCConfigurationList;
			buildConfigurations = (
				E9E8D2092EFCD06300AAD867 /* Debug */,
				E9E8D20A2EFCD06300AAD867 /* Release */,
			);
			defaultConfigurationIsVisible = 0;
			defaultConfigurationName = Release;
		};
		E9E8D20B2EFCD06300AAD867 /* Build configuration list for PBXNativeTarget "MemeGTD" */ = {
			isa = XCConfigurationList;
			buildConfigurations = (
				E9E8D20C2EFCD06300AAD867 /* Debug */,
				E9E8D20D2EFCD06300AAD867 /* Release */,
			);
			defaultConfigurationIsVisible = 0;
			defaultConfigurationName = Release;
		};
		E9E8D2202EFCD0C200AAD867 /* Build configuration list for PBXNativeTarget "ShareExtension" */ = {
			isa = XCConfigurationList;
			buildConfigurations = (
				E9E8D2212EFCD0C200AAD867 /* Debug */,
				E9E8D2222EFCD0C200AAD867 /* Release */,
			);
			defaultConfigurationIsVisible = 0;
			defaultConfigurationName = Release;
		};
/* End XCConfigurationList section */

/* Begin XCRemoteSwiftPackageReference section */
		29E40CE468B51001462800FA /* XCRemoteSwiftPackageReference "GRDB.swift" */ = {
			isa = XCRemoteSwiftPackageReference;
			repositoryURL = "https://github.com/groue/GRDB.swift";
			requirement = {
				kind = upToNextMajorVersion;
				minimumVersion = 6.29.3;
			};
		};
		E9F1A0012F04000100000001 /* XCRemoteSwiftPackageReference "HighlightSwift" */ = {
			isa = XCRemoteSwiftPackageReference;
			repositoryURL = "https://github.com/appstefan/HighlightSwift";
			requirement = {
				kind = upToNextMajorVersion;
				minimumVersion = 1.0.0;
			};
		};
/* End XCRemoteSwiftPackageReference section */

/* Begin XCSwiftPackageProductDependency section */
		7F0A438E8D7EB47F931D47FD /* GRDB */ = {
			isa = XCSwiftPackageProductDependency;
			package = 29E40CE468B51001462800FA /* XCRemoteSwiftPackageReference "GRDB.swift" */;
			productName = GRDB;
		};
		B606E428056D52CD2E19AB8C /* GRDB */ = {
			isa = XCSwiftPackageProductDependency;
			package = 29E40CE468B51001462800FA /* XCRemoteSwiftPackageReference "GRDB.swift" */;
			productName = GRDB;
		};
		D5BF188B53B7AF195DF43B70 /* GRDB */ = {
			isa = XCSwiftPackageProductDependency;
			package = 29E40CE468B51001462800FA /* XCRemoteSwiftPackageReference "GRDB.swift" */;
			productName = GRDB;
		};
		E9F1A0022F04000200000002 /* HighlightSwift */ = {
			isa = XCSwiftPackageProductDependency;
			package = E9F1A0012F04000100000001 /* XCRemoteSwiftPackageReference "HighlightSwift" */;
			productName = HighlightSwift;
		};
/* End XCSwiftPackageProductDependency section */
	};
	rootObject = E9E8D1F82EFCD06300AAD867 /* Project object */;
}
